
Microsoft Visual Studio Solution File, Format Version 12.00
# Visual Studio 15
VisualStudioVersion = 15.0.27428.2037
MinimumVisualStudioVersion = 10.0.40219.1
Project("{FAE04EC0-301F-11D3-BF4B-00C04F79EFBC}") = "API", "API\API.csproj", "{A9202A14-6EA4-46EF-9340-8FAEDC943923}"
EndProject
Project("{E53339B2-1760-4266-BCC7-CA923CBCF16C}") = "docker-compose", "docker-compose.dcproj", "{3D550F4C-5582-452E-A86E-2D044CFF5A4A}"
EndProject
Global
	GlobalSection(SolutionConfigurationPlatforms) = preSolution
		Debug|Any CPU = Debug|Any CPU
		Release|Any CPU = Release|Any CPU
	EndGlobalSection
	GlobalSection(ProjectConfigurationPlatforms) = postSolution
		{A9202A14-6EA4-46EF-9340-8FAEDC943923}.Debug|Any CPU.ActiveCfg = Debug|Any CPU
		{A9202A14-6EA4-46EF-9340-8FAEDC943923}.Debug|Any CPU.Build.0 = Debug|Any CPU
		{A9202A14-6EA4-46EF-9340-8FAEDC943923}.Release|Any CPU.ActiveCfg = Release|Any CPU
		{A9202A14-6EA4-46EF-9340-8FAEDC943923}.Release|Any CPU.Build.0 = Release|Any CPU
		{3D550F4C-5582-452E-A86E-2D044CFF5A4A}.Debug|Any CPU.ActiveCfg = Debug|Any CPU
		{3D550F4C-5582-452E-A86E-2D044CFF5A4A}.Debug|Any CPU.Build.0 = Debug|Any CPU
		{3D550F4C-5582-452E-A86E-2D044CFF5A4A}.Release|Any CPU.ActiveCfg = Release|Any CPU
		{3D550F4C-5582-452E-A86E-2D044CFF5A4A}.Release|Any CPU.Build.0 = Release|Any CPU
	EndGlobalSection
	GlobalSection(SolutionProperties) = preSolution
		HideSolutionNode = FALSE
	EndGlobalSection
	GlobalSection(ExtensibilityGlobals) = postSolution
		SolutionGuid = {C109D7D4-5EDC-4174-B7BE-6A0C9ED335BA}
	EndGlobalSection
EndGlobal
